// !$*UTF8*$!
{
	archiveVersion = 1;
	classes = {
	};
	objectVersion = 56;
	objects = {

/* Begin PBXBuildFile section */
		4A0BE4532B9E736F00F04934 /* AppDelegate.swift in Sources */ = {isa = PBXBuildFile; fileRef = 4A0BE4522B9E736F00F04934 /* AppDelegate.swift */; };
		4A0BE4552B9E736F00F04934 /* SceneDelegate.swift in Sources */ = {isa = PBXBuildFile; fileRef = 4A0BE4542B9E736F00F04934 /* SceneDelegate.swift */; };
		4A0BE4572B9E736F00F04934 /* ViewController.swift in Sources */ = {isa = PBXBuildFile; fileRef = 4A0BE4562B9E736F00F04934 /* ViewController.swift */; };
		4A0BE45A2B9E736F00F04934 /* Base in Resources */ = {isa = PBXBuildFile; fileRef = 4A0BE4592B9E736F00F04934 /* Base */; };
		4A0BE45C2B9E737100F04934 /* Assets.xcassets in Resources */ = {isa = PBXBuildFile; fileRef = 4A0BE45B2B9E737100F04934 /* Assets.xcassets */; };
		4A0BE45F2B9E737100F04934 /* Base in Resources */ = {isa = PBXBuildFile; fileRef = 4A0BE45E2B9E737100F04934 /* Base */; };
		4A0BE46A2B9E737100F04934 /* CoinAppTests.swift in Sources */ = {isa = PBXBuildFile; fileRef = 4A0BE4692B9E737100F04934 /* CoinAppTests.swift */; };
		4A0BE4742B9E737100F04934 /* CoinAppUITests.swift in Sources */ = {isa = PBXBuildFile; fileRef = 4A0BE4732B9E737100F04934 /* CoinAppUITests.swift */; };
		4A0BE4762B9E737100F04934 /* CoinAppUITestsLaunchTests.swift in Sources */ = {isa = PBXBuildFile; fileRef = 4A0BE4752B9E737100F04934 /* CoinAppUITestsLaunchTests.swift */; };
		4A0BE4872B9E742200F04934 /* CoinManager.swift in Sources */ = {isa = PBXBuildFile; fileRef = 4A0BE4862B9E742200F04934 /* CoinManager.swift */; };
		4A0BE48A2B9E744800F04934 /* CoinData.swift in Sources */ = {isa = PBXBuildFile; fileRef = 4A0BE4892B9E744800F04934 /* CoinData.swift */; };
/* End PBXBuildFile section */

/* Begin PBXContainerItemProxy section */
		4A0BE4662B9E737100F04934 /* PBXContainerItemProxy */ = {
			isa = PBXContainerItemProxy;
			containerPortal = 4A0BE4472B9E736F00F04934 /* Project object */;
			proxyType = 1;
			remoteGlobalIDString = 4A0BE44E2B9E736F00F04934;
			remoteInfo = CoinApp;
		};
		4A0BE4702B9E737100F04934 /* PBXContainerItemProxy */ = {
			isa = PBXContainerItemProxy;
			containerPortal = 4A0BE4472B9E736F00F04934 /* Project object */;
			proxyType = 1;
			remoteGlobalIDString = 4A0BE44E2B9E736F00F04934;
			remoteInfo = CoinApp;
		};
/* End PBXContainerItemProxy section */

/* Begin PBXFileReference section */
		4A0BE44F2B9E736F00F04934 /* CoinApp.app */ = {isa = PBXFileReference; explicitFileType = wrapper.application; includeInIndex = 0; path = CoinApp.app; sourceTree = BUILT_PRODUCTS_DIR; };
		4A0BE4522B9E736F00F04934 /* AppDelegate.swift */ = {isa = PBXFileReference; lastKnownFileType = sourcecode.swift; path = AppDelegate.swift; sourceTree = "<group>"; };
		4A0BE4542B9E736F00F04934 /* SceneDelegate.swift */ = {isa = PBXFileReference; lastKnownFileType = sourcecode.swift; path = SceneDelegate.swift; sourceTree = "<group>"; };
		4A0BE4562B9E736F00F04934 /* ViewController.swift */ = {isa = PBXFileReference; lastKnownFileType = sourcecode.swift; path = ViewController.swift; sourceTree = "<group>"; };
		4A0BE4592B9E736F00F04934 /* Base */ = {isa = PBXFileReference; lastKnownFileType = file.storyboard; name = Base; path = Base.lproj/Main.storyboard; sourceTree = "<group>"; };
		4A0BE45B2B9E737100F04934 /* Assets.xcassets */ = {isa = PBXFileReference; lastKnownFileType = folder.assetcatalog; path = Assets.xcassets; sourceTree = "<group>"; };
		4A0BE45E2B9E737100F04934 /* Base */ = {isa = PBXFileReference; lastKnownFileType = file.storyboard; name = Base; path = Base.lproj/LaunchScreen.storyboard; sourceTree = "<group>"; };
		4A0BE4602B9E737100F04934 /* Info.plist */ = {isa = PBXFileReference; lastKnownFileType = text.plist.xml; path = Info.plist; sourceTree = "<group>"; };
		4A0BE4652B9E737100F04934 /* CoinAppTests.xctest */ = {isa = PBXFileReference; explicitFileType = wrapper.cfbundle; includeInIndex = 0; path = CoinAppTests.xctest; sourceTree = BUILT_PRODUCTS_DIR; };
		4A0BE4692B9E737100F04934 /* CoinAppTests.swift */ = {isa = PBXFileReference; lastKnownFileType = sourcecode.swift; path = CoinAppTests.swift; sourceTree = "<group>"; };
		4A0BE46F2B9E737100F04934 /* CoinAppUITests.xctest */ = {isa = PBXFileReference; explicitFileType = wrapper.cfbundle; includeInIndex = 0; path = CoinAppUITests.xctest; sourceTree = BUILT_PRODUCTS_DIR; };
		4A0BE4732B9E737100F04934 /* CoinAppUITests.swift */ = {isa = PBXFileReference; lastKnownFileType = sourcecode.swift; path = CoinAppUITests.swift; sourceTree = "<group>"; };
		4A0BE4752B9E737100F04934 /* CoinAppUITestsLaunchTests.swift */ = {isa = PBXFileReference; lastKnownFileType = sourcecode.swift; path = CoinAppUITestsLaunchTests.swift; sourceTree = "<group>"; };
		4A0BE4862B9E742200F04934 /* CoinManager.swift */ = {isa = PBXFileReference; lastKnownFileType = sourcecode.swift; path = CoinManager.swift; sourceTree = "<group>"; };
		4A0BE4892B9E744800F04934 /* CoinData.swift */ = {isa = PBXFileReference; lastKnownFileType = sourcecode.swift; path = CoinData.swift; sourceTree = "<group>"; };
/* End PBXFileReference section */

/* Begin PBXFrameworksBuildPhase section */
		4A0BE44C2B9E736F00F04934 /* Frameworks */ = {
			isa = PBXFrameworksBuildPhase;
			buildActionMask = 2147483647;
			files = (
			);
			runOnlyForDeploymentPostprocessing = 0;
		};
		4A0BE4622B9E737100F04934 /* Frameworks */ = {
			isa = PBXFrameworksBuildPhase;
			buildActionMask = 2147483647;
			files = (
			);
			runOnlyForDeploymentPostprocessing = 0;
		};
		4A0BE46C2B9E737100F04934 /* Frameworks */ = {
			isa = PBXFrameworksBuildPhase;
			buildActionMask = 2147483647;
			files = (
			);
			runOnlyForDeploymentPostprocessing = 0;
		};
/* End PBXFrameworksBuildPhase section */

/* Begin PBXGroup section */
		4A0BE4462B9E736F00F04934 = {
			isa = PBXGroup;
			children = (
				4A0BE4512B9E736F00F04934 /* CoinApp */,
				4A0BE4682B9E737100F04934 /* CoinAppTests */,
				4A0BE4722B9E737100F04934 /* CoinAppUITests */,
				4A0BE4502B9E736F00F04934 /* Products */,
			);
			sourceTree = "<group>";
		};
		4A0BE4502B9E736F00F04934 /* Products */ = {
			isa = PBXGroup;
			children = (
				4A0BE44F2B9E736F00F04934 /* CoinApp.app */,
				4A0BE4652B9E737100F04934 /* CoinAppTests.xctest */,
				4A0BE46F2B9E737100F04934 /* CoinAppUITests.xctest */,
			);
			name = Products;
			sourceTree = "<group>";
		};
		4A0BE4512B9E736F00F04934 /* CoinApp */ = {
			isa = PBXGroup;
			children = (
				4A0BE4522B9E736F00F04934 /* AppDelegate.swift */,
				4A0BE4542B9E736F00F04934 /* SceneDelegate.swift */,
				4A0BE4882B9E742900F04934 /* Model */,
				4A0BE4842B9E73E900F04934 /* View */,
				4A0BE4832B9E73D700F04934 /* Controller */,
				4A0BE45B2B9E737100F04934 /* Assets.xcassets */,
				4A0BE45D2B9E737100F04934 /* LaunchScreen.storyboard */,
				4A0BE4602B9E737100F04934 /* Info.plist */,
			);
			path = CoinApp;
			sourceTree = "<group>";
		};
		4A0BE4682B9E737100F04934 /* CoinAppTests */ = {
			isa = PBXGroup;
			children = (
				4A0BE4692B9E737100F04934 /* CoinAppTests.swift */,
			);
			path = CoinAppTests;
			sourceTree = "<group>";
		};
		4A0BE4722B9E737100F04934 /* CoinAppUITests */ = {
			isa = PBXGroup;
			children = (
				4A0BE4732B9E737100F04934 /* CoinAppUITests.swift */,
				4A0BE4752B9E737100F04934 /* CoinAppUITestsLaunchTests.swift */,
			);
			path = CoinAppUITests;
			sourceTree = "<group>";
		};
		4A0BE4832B9E73D700F04934 /* Controller */ = {
			isa = PBXGroup;
			children = (
				4A0BE4562B9E736F00F04934 /* ViewController.swift */,
			);
			path = Controller;
			sourceTree = "<group>";
		};
		4A0BE4842B9E73E900F04934 /* View */ = {
			isa = PBXGroup;
			children = (
				4A0BE4582B9E736F00F04934 /* Main.storyboard */,
			);
			path = View;
			sourceTree = "<group>";
		};
		4A0BE4882B9E742900F04934 /* Model */ = {
			isa = PBXGroup;
			children = (
				4A0BE4862B9E742200F04934 /* CoinManager.swift */,
				4A0BE4892B9E744800F04934 /* CoinData.swift */,
			);
			path = Model;
			sourceTree = "<group>";
		};
/* End PBXGroup section */

/* Begin PBXNativeTarget section */
		4A0BE44E2B9E736F00F04934 /* CoinApp */ = {
			isa = PBXNativeTarget;
			buildConfigurationList = 4A0BE4792B9E737100F04934 /* Build configuration list for PBXNativeTarget "CoinApp" */;
			buildPhases = (
				4A0BE44B2B9E736F00F04934 /* Sources */,
				4A0BE44C2B9E736F00F04934 /* Frameworks */,
				4A0BE44D2B9E736F00F04934 /* Resources */,
			);
			buildRules = (
			);
			dependencies = (
			);
			name = CoinApp;
			productName = CoinApp;
			productReference = 4A0BE44F2B9E736F00F04934 /* CoinApp.app */;
			productType = "com.apple.product-type.application";
		};
		4A0BE4642B9E737100F04934 /* CoinAppTests */ = {
			isa = PBXNativeTarget;
			buildConfigurationList = 4A0BE47C2B9E737100F04934 /* Build configuration list for PBXNativeTarget "CoinAppTests" */;
			buildPhases = (
				4A0BE4612B9E737100F04934 /* Sources */,
				4A0BE4622B9E737100F04934 /* Frameworks */,
				4A0BE4632B9E737100F04934 /* Resources */,
			);
			buildRules = (
			);
			dependencies = (
				4A0BE4672B9E737100F04934 /* PBXTargetDependency */,
			);
			name = CoinAppTests;
			productName = CoinAppTests;
			productReference = 4A0BE4652B9E737100F04934 /* CoinAppTests.xctest */;
			productType = "com.apple.product-type.bundle.unit-test";
		};
		4A0BE46E2B9E737100F04934 /* CoinAppUITests */ = {
			isa = PBXNativeTarget;
			buildConfigurationList = 4A0BE47F2B9E737100F04934 /* Build configuration list for PBXNativeTarget "CoinAppUITests" */;
			buildPhases = (
				4A0BE46B2B9E737100F04934 /* Sources */,
				4A0BE46C2B9E737100F04934 /* Frameworks */,
				4A0BE46D2B9E737100F04934 /* Resources */,
			);
			buildRules = (
			);
			dependencies = (
				4A0BE4712B9E737100F04934 /* PBXTargetDependency */,
			);
			name = CoinAppUITests;
			productName = CoinAppUITests;
			productReference = 4A0BE46F2B9E737100F04934 /* CoinAppUITests.xctest */;
			productType = "com.apple.product-type.bundle.ui-testing";
		};
/* End PBXNativeTarget section */

/* Begin PBXProject section */
		4A0BE4472B9E736F00F04934 /* Project object */ = {
			isa = PBXProject;
			attributes = {
				BuildIndependentTargetsInParallel = 1;
				LastSwiftUpdateCheck = 1530;
				LastUpgradeCheck = 1530;
				TargetAttributes = {
					4A0BE44E2B9E736F00F04934 = {
						CreatedOnToolsVersion = 15.3;
					};
					4A0BE4642B9E737100F04934 = {
						CreatedOnToolsVersion = 15.3;
						TestTargetID = 4A0BE44E2B9E736F00F04934;
					};
					4A0BE46E2B9E737100F04934 = {
						CreatedOnToolsVersion = 15.3;
						TestTargetID = 4A0BE44E2B9E736F00F04934;
					};
				};
			};
			buildConfigurationList = 4A0BE44A2B9E736F00F04934 /* Build configuration list for PBXProject "CoinApp" */;
			compatibilityVersion = "Xcode 14.0";
			developmentRegion = en;
			hasScannedForEncodings = 0;
			knownRegions = (
				en,
				Base,
			);
			mainGroup = 4A0BE4462B9E736F00F04934;
			productRefGroup = 4A0BE4502B9E736F00F04934 /* Products */;
			projectDirPath = "";
			projectRoot = "";
			targets = (
				4A0BE44E2B9E736F00F04934 /* CoinApp */,
				4A0BE4642B9E737100F04934 /* CoinAppTests */,
				4A0BE46E2B9E737100F04934 /* CoinAppUITests */,
			);
		};
/* End PBXProject section */

/* Begin PBXResourcesBuildPhase section */
		4A0BE44D2B9E736F00F04934 /* Resources */ = {
			isa = PBXResourcesBuildPhase;
			buildActionMask = 2147483647;
			files = (
				4A0BE45C2B9E737100F04934 /* Assets.xcassets in Resources */,
				4A0BE45F2B9E737100F04934 /* Base in Resources */,
				4A0BE45A2B9E736F00F04934 /* Base in Resources */,
			);
			runOnlyForDeploymentPostprocessing = 0;
		};
		4A0BE4632B9E737100F04934 /* Resources */ = {
			isa = PBXResourcesBuildPhase;
			buildActionMask = 2147483647;
			files = (
			);
			runOnlyForDeploymentPostprocessing = 0;
		};
		4A0BE46D2B9E737100F04934 /* Resources */ = {
			isa = PBXResourcesBuildPhase;
			buildActionMask = 2147483647;
			files = (
			);
			runOnlyForDeploymentPostprocessing = 0;
		};
/* End PBXResourcesBuildPhase section */

/* Begin PBXSourcesBuildPhase section */
		4A0BE44B2B9E736F00F04934 /* Sources */ = {
			isa = PBXSourcesBuildPhase;
			buildActionMask = 2147483647;
			files = (
				4A0BE4872B9E742200F04934 /* CoinManager.swift in Sources */,
				4A0BE4572B9E736F00F04934 /* ViewController.swift in Sources */,
				4A0BE48A2B9E744800F04934 /* CoinData.swift in Sources */,
				4A0BE4532B9E736F00F04934 /* AppDelegate.swift in Sources */,
				4A0BE4552B9E736F00F04934 /* SceneDelegate.swift in Sources */,
			);
			runOnlyForDeploymentPostprocessing = 0;
		};
		4A0BE4612B9E737100F04934 /* Sources */ = {
			isa = PBXSourcesBuildPhase;
			buildActionMask = 2147483647;
			files = (
				4A0BE46A2B9E737100F04934 /* CoinAppTests.swift in Sources */,
			);
			runOnlyForDeploymentPostprocessing = 0;
		};
		4A0BE46B2B9E737100F04934 /* Sources */ = {
			isa = PBXSourcesBuildPhase;
			buildActionMask = 2147483647;
			files = (
				4A0BE4742B9E737100F04934 /* CoinAppUITests.swift in Sources */,
				4A0BE4762B9E737100F04934 /* CoinAppUITestsLaunchTests.swift in Sources */,
			);
			runOnlyForDeploymentPostprocessing = 0;
		};
/* End PBXSourcesBuildPhase section */

/* Begin PBXTargetDependency section */
		4A0BE4672B9E737100F04934 /* PBXTargetDependency */ = {
			isa = PBXTargetDependency;
			target = 4A0BE44E2B9E736F00F04934 /* CoinApp */;
			targetProxy = 4A0BE4662B9E737100F04934 /* PBXContainerItemProxy */;
		};
		4A0BE4712B9E737100F04934 /* PBXTargetDependency */ = {
			isa = PBXTargetDependency;
			target = 4A0BE44E2B9E736F00F04934 /* CoinApp */;
			targetProxy = 4A0BE4702B9E737100F04934 /* PBXContainerItemProxy */;
		};
/* End PBXTargetDependency section */

/* Begin PBXVariantGroup section */
		4A0BE4582B9E736F00F04934 /* Main.storyboard */ = {
			isa = PBXVariantGroup;
			children = (
				4A0BE4592B9E736F00F04934 /* Base */,
			);
			name = Main.storyboard;
			sourceTree = "<group>";
		};
		4A0BE45D2B9E737100F04934 /* LaunchScreen.storyboard */ = {
			isa = PBXVariantGroup;
			children = (
				4A0BE45E2B9E737100F04934 /* Base */,
			);
			name = LaunchScreen.storyboard;
			sourceTree = "<group>";
		};
/* End PBXVariantGroup section */

/* Begin XCBuildConfiguration section */
		4A0BE4772B9E737100F04934 /* Debug */ = {
			isa = XCBuildConfiguration;
			buildSettings = {
				ALWAYS_SEARCH_USER_PATHS = NO;
				ASSETCATALOG_COMPILER_GENERATE_SWIFT_ASSET_SYMBOL_EXTENSIONS = YES;
				CLANG_ANALYZER_NONNULL = YES;
				CLANG_ANALYZER_NUMBER_OBJECT_CONVERSION = YES_AGGRESSIVE;
				CLANG_CXX_LANGUAGE_STANDARD = "gnu++20";
				CLANG_ENABLE_MODULES = YES;
				CLANG_ENABLE_OBJC_ARC = YES;
				CLANG_ENABLE_OBJC_WEAK = YES;
				CLANG_WARN_BLOCK_CAPTURE_AUTORELEASING = YES;
				CLANG_WARN_BOOL_CONVERSION = YES;
				CLANG_WARN_COMMA = YES;
				CLANG_WARN_CONSTANT_CONVERSION = YES;
				CLANG_WARN_DEPRECATED_OBJC_IMPLEMENTATIONS = YES;
				CLANG_WARN_DIRECT_OBJC_ISA_USAGE = YES_ERROR;
				CLANG_WARN_DOCUMENTATION_COMMENTS = YES;
				CLANG_WARN_EMPTY_BODY = YES;
				CLANG_WARN_ENUM_CONVERSION = YES;
				CLANG_WARN_INFINITE_RECURSION = YES;
				CLANG_WARN_INT_CONVERSION = YES;
				CLANG_WARN_NON_LITERAL_NULL_CONVERSION = YES;
				CLANG_WARN_OBJC_IMPLICIT_RETAIN_SELF = YES;
				CLANG_WARN_OBJC_LITERAL_CONVERSION = YES;
				CLANG_WARN_OBJC_ROOT_CLASS = YES_ERROR;
				CLANG_WARN_QUOTED_INCLUDE_IN_FRAMEWORK_HEADER = YES;
				CLANG_WARN_RANGE_LOOP_ANALYSIS = YES;
				CLANG_WARN_STRICT_PROTOTYPES = YES;
				CLANG_WARN_SUSPICIOUS_MOVE = YES;
				CLANG_WARN_UNGUARDED_AVAILABILITY = YES_AGGRESSIVE;
				CLANG_WARN_UNREACHABLE_CODE = YES;
				CLANG_WARN__DUPLICATE_METHOD_MATCH = YES;
				COPY_PHASE_STRIP = NO;
				DEBUG_INFORMATION_FORMAT = dwarf;
				ENABLE_STRICT_OBJC_MSGSEND = YES;
				ENABLE_TESTABILITY = YES;
				ENABLE_USER_SCRIPT_SANDBOXING = YES;
				GCC_C_LANGUAGE_STANDARD = gnu17;
				GCC_DYNAMIC_NO_PIC = NO;
				GCC_NO_COMMON_BLOCKS = YES;
				GCC_OPTIMIZATION_LEVEL = 0;
				GCC_PREPROCESSOR_DEFINITIONS = (
					"DEBUG=1",
					"$(inherited)",
				);
				GCC_WARN_64_TO_32_BIT_CONVERSION = YES;
				GCC_WARN_ABOUT_RETURN_TYPE = YES_ERROR;
				GCC_WARN_UNDECLARED_SELECTOR = YES;
				GCC_WARN_UNINITIALIZED_AUTOS = YES_AGGRESSIVE;
				GCC_WARN_UNUSED_FUNCTION = YES;
				GCC_WARN_UNUSED_VARIABLE = YES;
				IPHONEOS_DEPLOYMENT_TARGET = 17.4;
				LOCALIZATION_PREFERS_STRING_CATALOGS = YES;
				MTL_ENABLE_DEBUG_INFO = INCLUDE_SOURCE;
				MTL_FAST_MATH = YES;
				ONLY_ACTIVE_ARCH = YES;
				SDKROOT = iphoneos;
				SWIFT_ACTIVE_COMPILATION_CONDITIONS = "DEBUG $(inherited)";
				SWIFT_OPTIMIZATION_LEVEL = "-Onone";
			};
			name = Debug;
		};
		4A0BE4782B9E737100F04934 /* Release */ = {
			isa = XCBuildConfiguration;
			buildSettings = {
				ALWAYS_SEARCH_USER_PATHS = NO;
				ASSETCATALOG_COMPILER_GENERATE_SWIFT_ASSET_SYMBOL_EXTENSIONS = YES;
				CLANG_ANALYZER_NONNULL = YES;
				CLANG_ANALYZER_NUMBER_OBJECT_CONVERSION = YES_AGGRESSIVE;
				CLANG_CXX_LANGUAGE_STANDARD = "gnu++20";
				CLANG_ENABLE_MODULES = YES;
				CLANG_ENABLE_OBJC_ARC = YES;
				CLANG_ENABLE_OBJC_WEAK = YES;
				CLANG_WARN_BLOCK_CAPTURE_AUTORELEASING = YES;
				CLANG_WARN_BOOL_CONVERSION = YES;
				CLANG_WARN_COMMA = YES;
				CLANG_WARN_CONSTANT_CONVERSION = YES;
				CLANG_WARN_DEPRECATED_OBJC_IMPLEMENTATIONS = YES;
				CLANG_WARN_DIRECT_OBJC_ISA_USAGE = YES_ERROR;
				CLANG_WARN_DOCUMENTATION_COMMENTS = YES;
				CLANG_WARN_EMPTY_BODY = YES;
				CLANG_WARN_ENUM_CONVERSION = YES;
				CLANG_WARN_INFINITE_RECURSION = YES;
				CLANG_WARN_INT_CONVERSION = YES;
				CLANG_WARN_NON_LITERAL_NULL_CONVERSION = YES;
				CLANG_WARN_OBJC_IMPLICIT_RETAIN_SELF = YES;
				CLANG_WARN_OBJC_LITERAL_CONVERSION = YES;
				CLANG_WARN_OBJC_ROOT_CLASS = YES_ERROR;
				CLANG_WARN_QUOTED_INCLUDE_IN_FRAMEWORK_HEADER = YES;
				CLANG_WARN_RANGE_LOOP_ANALYSIS = YES;
				CLANG_WARN_STRICT_PROTOTYPES = YES;
				CLANG_WARN_SUSPICIOUS_MOVE = YES;
				CLANG_WARN_UNGUARDED_AVAILABILITY = YES_AGGRESSIVE;
				CLANG_WARN_UNREACHABLE_CODE = YES;
				CLANG_WARN__DUPLICATE_METHOD_MATCH = YES;
				COPY_PHASE_STRIP = NO;
				DEBUG_INFORMATION_FORMAT = "dwarf-with-dsym";
				ENABLE_NS_ASSERTIONS = NO;
				ENABLE_STRICT_OBJC_MSGSEND = YES;
				ENABLE_USER_SCRIPT_SANDBOXING = YES;
				GCC_C_LANGUAGE_STANDARD = gnu17;
				GCC_NO_COMMON_BLOCKS = YES;
				GCC_WARN_64_TO_32_BIT_CONVERSION = YES;
				GCC_WARN_ABOUT_RETURN_TYPE = YES_ERROR;
				GCC_WARN_UNDECLARED_SELECTOR = YES;
				GCC_WARN_UNINITIALIZED_AUTOS = YES_AGGRESSIVE;
				GCC_WARN_UNUSED_FUNCTION = YES;
				GCC_WARN_UNUSED_VARIABLE = YES;
				IPHONEOS_DEPLOYMENT_TARGET = 17.4;
				LOCALIZATION_PREFERS_STRING_CATALOGS = YES;
				MTL_ENABLE_DEBUG_INFO = NO;
				MTL_FAST_MATH = YES;
				SDKROOT = iphoneos;
				SWIFT_COMPILATION_MODE = wholemodule;
				VALIDATE_PRODUCT = YES;
			};
			name = Release;
		};
		4A0BE47A2B9E737100F04934 /* Debug */ = {
			isa = XCBuildConfiguration;
			buildSettings = {
				ASSETCATALOG_COMPILER_APPICON_NAME = AppIcon;
				ASSETCATALOG_COMPILER_GLOBAL_ACCENT_COLOR_NAME = AccentColor;
				CODE_SIGN_STYLE = Automatic;
				CURRENT_PROJECT_VERSION = 1;
				DEVELOPMENT_TEAM = YXJ9472HV5;
				GENERATE_INFOPLIST_FILE = YES;
				INFOPLIST_FILE = CoinApp/Info.plist;
				INFOPLIST_KEY_UIApplicationSupportsIndirectInputEvents = YES;
				INFOPLIST_KEY_UILaunchStoryboardName = LaunchScreen;
				INFOPLIST_KEY_UIMainStoryboardFile = Main;
				INFOPLIST_KEY_UISupportedInterfaceOrientations_iPad = "UIInterfaceOrientationPortrait UIInterfaceOrientationPortraitUpsideDown UIInterfaceOrientationLandscapeLeft UIInterfaceOrientationLandscapeRight";
				INFOPLIST_KEY_UISupportedInterfaceOrientations_iPhone = "UIInterfaceOrientationPortrait UIInterfaceOrientationLandscapeLeft UIInterfaceOrientationLandscapeRight";
				LD_RUNPATH_SEARCH_PATHS = (
					"$(inherited)",
					"@executable_path/Frameworks",
				);
				MARKETING_VERSION = 1.0;
				PRODUCT_BUNDLE_IDENTIFIER = com.MSB.CoinApp;
				PRODUCT_NAME = "$(TARGET_NAME)";
				SWIFT_EMIT_LOC_STRINGS = YES;
				SWIFT_VERSION = 5.0;
				TARGETED_DEVICE_FAMILY = "1,2";
			};
			name = Debug;
		};
		4A0BE47B2B9E737100F04934 /* Release */ = {
			isa = XCBuildConfiguration;
			buildSettings = {
				ASSETCATALOG_COMPILER_APPICON_NAME = AppIcon;
				ASSETCATALOG_COMPILER_GLOBAL_ACCENT_COLOR_NAME = AccentColor;
				CODE_SIGN_STYLE = Automatic;
				CURRENT_PROJECT_VERSION = 1;
				DEVELOPMENT_TEAM = YXJ9472HV5;
				GENERATE_INFOPLIST_FILE = YES;
				INFOPLIST_FILE = CoinApp/Info.plist;
				INFOPLIST_KEY_UIApplicationSupportsIndirectInputEvents = YES;
				INFOPLIST_KEY_UILaunchStoryboardName = LaunchScreen;
				INFOPLIST_KEY_UIMainStoryboardFile = Main;
				INFOPLIST_KEY_UISupportedInterfaceOrientations_iPad = "UIInterfaceOrientationPortrait UIInterfaceOrientationPortraitUpsideDown UIInterfaceOrientationLandscapeLeft UIInterfaceOrientationLandscapeRight";
				INFOPLIST_KEY_UISupportedInterfaceOrientations_iPhone = "UIInterfaceOrientationPortrait UIInterfaceOrientationLandscapeLeft UIInterfaceOrientationLandscapeRight";
				LD_RUNPATH_SEARCH_PATHS = (
					"$(inherited)",
					"@executable_path/Frameworks",
				);
				MARKETING_VERSION = 1.0;
				PRODUCT_BUNDLE_IDENTIFIER = com.MSB.CoinApp;
				PRODUCT_NAME = "$(TARGET_NAME)";
				SWIFT_EMIT_LOC_STRINGS = YES;
				SWIFT_VERSION = 5.0;
				TARGETED_DEVICE_FAMILY = "1,2";
			};
			name = Release;
		};
		4A0BE47D2B9E737100F04934 /* Debug */ = {
			isa = XCBuildConfiguration;
			buildSettings = {
				ALWAYS_EMBED_SWIFT_STANDARD_LIBRARIES = YES;
				BUNDLE_LOADER = "$(TEST_HOST)";
				CODE_SIGN_STYLE = Automatic;
				CURRENT_PROJECT_VERSION = 1;
				DEVELOPMENT_TEAM = YXJ9472HV5;
				GENERATE_INFOPLIST_FILE = YES;
				IPHONEOS_DEPLOYMENT_TARGET = 17.4;
				MARKETING_VERSION = 1.0;
				PRODUCT_BUNDLE_IDENTIFIER = com.MSB.CoinAppTests;
				PRODUCT_NAME = "$(TARGET_NAME)";
				SWIFT_EMIT_LOC_STRINGS = NO;
				SWIFT_VERSION = 5.0;
				TARGETED_DEVICE_FAMILY = "1,2";
				TEST_HOST = "$(BUILT_PRODUCTS_DIR)/CoinApp.app/$(BUNDLE_EXECUTABLE_FOLDER_PATH)/CoinApp";
			};
			name = Debug;
		};
		4A0BE47E2B9E737100F04934 /* Release */ = {
			isa = XCBuildConfiguration;
			buildSettings = {
				ALWAYS_EMBED_SWIFT_STANDARD_LIBRARIES = YES;
				BUNDLE_LOADER = "$(TEST_HOST)";
				CODE_SIGN_STYLE = Automatic;
				CURRENT_PROJECT_VERSION = 1;
				DEVELOPMENT_TEAM = YXJ9472HV5;
				GENERATE_INFOPLIST_FILE = YES;
				IPHONEOS_DEPLOYMENT_TARGET = 17.4;
				MARKETING_VERSION = 1.0;
				PRODUCT_BUNDLE_IDENTIFIER = com.MSB.CoinAppTests;
				PRODUCT_NAME = "$(TARGET_NAME)";
				SWIFT_EMIT_LOC_STRINGS = NO;
				SWIFT_VERSION = 5.0;
				TARGETED_DEVICE_FAMILY = "1,2";
				TEST_HOST = "$(BUILT_PRODUCTS_DIR)/CoinApp.app/$(BUNDLE_EXECUTABLE_FOLDER_PATH)/CoinApp";
			};
			name = Release;
		};
		4A0BE4802B9E737100F04934 /* Debug */ = {
			isa = XCBuildConfiguration;
			buildSettings = {
				ALWAYS_EMBED_SWIFT_STANDARD_LIBRARIES = YES;
				CODE_SIGN_STYLE = Automatic;
				CURRENT_PROJECT_VERSION = 1;
				DEVELOPMENT_TEAM = YXJ9472HV5;
				GENERATE_INFOPLIST_FILE = YES;
				MARKETING_VERSION = 1.0;
				PRODUCT_BUNDLE_IDENTIFIER = com.MSB.CoinAppUITests;
				PRODUCT_NAME = "$(TARGET_NAME)";
				SWIFT_EMIT_LOC_STRINGS = NO;
				SWIFT_VERSION = 5.0;
				TARGETED_DEVICE_FAMILY = "1,2";
				TEST_TARGET_NAME = CoinApp;
			};
			name = Debug;
		};
		4A0BE4812B9E737100F04934 /* Release */ = {
			isa = XCBuildConfiguration;
			buildSettings = {
				ALWAYS_EMBED_SWIFT_STANDARD_LIBRARIES = YES;
				CODE_SIGN_STYLE = Automatic;
				CURRENT_PROJECT_VERSION = 1;
				DEVELOPMENT_TEAM = YXJ9472HV5;
				GENERATE_INFOPLIST_FILE = YES;
				MARKETING_VERSION = 1.0;
				PRODUCT_BUNDLE_IDENTIFIER = com.MSB.CoinAppUITests;
				PRODUCT_NAME = "$(TARGET_NAME)";
				SWIFT_EMIT_LOC_STRINGS = NO;
				SWIFT_VERSION = 5.0;
				TARGETED_DEVICE_FAMILY = "1,2";
				TEST_TARGET_NAME = CoinApp;
			};
			name = Release;
		};
/* End XCBuildConfiguration section */

/* Begin XCConfigurationList section */
		4A0BE44A2B9E736F00F04934 /* Build configuration list for PBXProject "CoinApp" */ = {
			isa = XCConfigurationList;
			buildConfigurations = (
				4A0BE4772B9E737100F04934 /* Debug */,
				4A0BE4782B9E737100F04934 /* Release */,
			);
			defaultConfigurationIsVisible = 0;
			defaultConfigurationName = Release;
		};
		4A0BE4792B9E737100F04934 /* Build configuration list for PBXNativeTarget "CoinApp" */ = {
			isa = XCConfigurationList;
			buildConfigurations = (
				4A0BE47A2B9E737100F04934 /* Debug */,
				4A0BE47B2B9E737100F04934 /* Release */,
			);
			defaultConfigurationIsVisible = 0;
			defaultConfigurationName = Release;
		};
		4A0BE47C2B9E737100F04934 /* Build configuration list for PBXNativeTarget "CoinAppTests" */ = {
			isa = XCConfigurationList;
			buildConfigurations = (
				4A0BE47D2B9E737100F04934 /* Debug */,
				4A0BE47E2B9E737100F04934 /* Release */,
			);
			defaultConfigurationIsVisible = 0;
			defaultConfigurationName = Release;
		};
		4A0BE47F2B9E737100F04934 /* Build configuration list for PBXNativeTarget "CoinAppUITests" */ = {
			isa = XCConfigurationList;
			buildConfigurations = (
				4A0BE4802B9E737100F04934 /* Debug */,
				4A0BE4812B9E737100F04934 /* Release */,
			);
			defaultConfigurationIsVisible = 0;
			defaultConfigurationName = Release;
		};
/* End XCConfigurationList section */
	};
	rootObject = 4A0BE4472B9E736F00F04934 /* Project object */;
}
